
Microsoft Visual Studio Solution File, Format Version 12.00
# Visual Studio Version 16
VisualStudioVersion = 16.0.30309.148
MinimumVisualStudioVersion = 10.0.40219.1
Project("{FAE04EC0-301F-11D3-BF4B-00C04F79EFBC}") = "StudentInfo", "StudentInfo\StudentInfo.csproj", "{8D629722-156C-4FE2-84D7-A048F96A6161}"
EndProject
Global
	GlobalSection(SolutionConfigurationPlatforms) = preSolution
		Debug|Any CPU = Debug|Any CPU
		Release|Any CPU = Release|Any CPU
	EndGlobalSection
	GlobalSection(ProjectConfigurationPlatforms) = postSolution
		{8D629722-156C-4FE2-84D7-A048F96A6161}.Debug|Any CPU.ActiveCfg = Debug|Any CPU
		{8D629722-156C-4FE2-84D7-A048F96A6161}.Debug|Any CPU.Build.0 = Debug|Any CPU
		{8D629722-156C-4FE2-84D7-A048F96A6161}.Release|Any CPU.ActiveCfg = Release|Any CPU
		{8D629722-156C-4FE2-84D7-A048F96A6161}.Release|Any CPU.Build.0 = Release|Any CPU
	EndGlobalSection
	GlobalSection(SolutionProperties) = preSolution
		HideSolutionNode = FALSE
	EndGlobalSection
	GlobalSection(ExtensibilityGlobals) = postSolution
		SolutionGuid = {132F8504-18F1-40B2-A500-0D2E6C7E1CAE}
	EndGlobalSection
EndGlobal
